
Microsoft Visual Studio Solution File, Format Version 12.00
# Visual Studio Version 17
VisualStudioVersion = 17.8.34601.278
MinimumVisualStudioVersion = 10.0.40219.1
Project("{FAE04EC0-301F-11D3-BF4B-00C04F79EFBC}") = "Chat", "Chat\Chat.csproj", "{9716F0D5-C04F-4038-9E59-DB3CBFEFBDB9}"
EndProject
Project("{FAE04EC0-301F-11D3-BF4B-00C04F79EFBC}") = "ChatCommon", "ChatCommon\ChatCommon.csproj", "{08B6CE1B-4450-4C4C-B768-43B31D6B6731}"
EndProject
Project("{FAE04EC0-301F-11D3-BF4B-00C04F79EFBC}") = "ChatDb", "ChatDb\ChatDb.csproj", "{1F1574A4-C2B9-4B45-A9DB-514E1FA6E9B1}"
EndProject
Project("{FAE04EC0-301F-11D3-BF4B-00C04F79EFBC}") = "ChatNetwork", "ChatNetwork\ChatNetwork.csproj", "{A967034D-16C8-407F-B72C-B1D8D112AB52}"
EndProject
Project("{FAE04EC0-301F-11D3-BF4B-00C04F79EFBC}") = "ChatApp", "ChatApp\ChatApp.csproj", "{7E5385B5-7574-4B94-9D0F-B75F826A6C1D}"
EndProject
Global
	GlobalSection(SolutionConfigurationPlatforms) = preSolution
		Debug|Any CPU = Debug|Any CPU
		Release|Any CPU = Release|Any CPU
	EndGlobalSection
	GlobalSection(ProjectConfigurationPlatforms) = postSolution
		{9716F0D5-C04F-4038-9E59-DB3CBFEFBDB9}.Debug|Any CPU.ActiveCfg = Debug|Any CPU
		{9716F0D5-C04F-4038-9E59-DB3CBFEFBDB9}.Debug|Any CPU.Build.0 = Debug|Any CPU
		{9716F0D5-C04F-4038-9E59-DB3CBFEFBDB9}.Release|Any CPU.ActiveCfg = Release|Any CPU
		{9716F0D5-C04F-4038-9E59-DB3CBFEFBDB9}.Release|Any CPU.Build.0 = Release|Any CPU
		{08B6CE1B-4450-4C4C-B768-43B31D6B6731}.Debug|Any CPU.ActiveCfg = Debug|Any CPU
		{08B6CE1B-4450-4C4C-B768-43B31D6B6731}.Debug|Any CPU.Build.0 = Debug|Any CPU
		{08B6CE1B-4450-4C4C-B768-43B31D6B6731}.Release|Any CPU.ActiveCfg = Release|Any CPU
		{08B6CE1B-4450-4C4C-B768-43B31D6B6731}.Release|Any CPU.Build.0 = Release|Any CPU
		{1F1574A4-C2B9-4B45-A9DB-514E1FA6E9B1}.Debug|Any CPU.ActiveCfg = Debug|Any CPU
		{1F1574A4-C2B9-4B45-A9DB-514E1FA6E9B1}.Debug|Any CPU.Build.0 = Debug|Any CPU
		{1F1574A4-C2B9-4B45-A9DB-514E1FA6E9B1}.Release|Any CPU.ActiveCfg = Release|Any CPU
		{1F1574A4-C2B9-4B45-A9DB-514E1FA6E9B1}.Release|Any CPU.Build.0 = Release|Any CPU
		{A967034D-16C8-407F-B72C-B1D8D112AB52}.Debug|Any CPU.ActiveCfg = Debug|Any CPU
		{A967034D-16C8-407F-B72C-B1D8D112AB52}.Debug|Any CPU.Build.0 = Debug|Any CPU
		{A967034D-16C8-407F-B72C-B1D8D112AB52}.Release|Any CPU.ActiveCfg = Release|Any CPU
		{A967034D-16C8-407F-B72C-B1D8D112AB52}.Release|Any CPU.Build.0 = Release|Any CPU
		{7E5385B5-7574-4B94-9D0F-B75F826A6C1D}.Debug|Any CPU.ActiveCfg = Debug|Any CPU
		{7E5385B5-7574-4B94-9D0F-B75F826A6C1D}.Debug|Any CPU.Build.0 = Debug|Any CPU
		{7E5385B5-7574-4B94-9D0F-B75F826A6C1D}.Release|Any CPU.ActiveCfg = Release|Any CPU
		{7E5385B5-7574-4B94-9D0F-B75F826A6C1D}.Release|Any CPU.Build.0 = Release|Any CPU
	EndGlobalSection
	GlobalSection(SolutionProperties) = preSolution
		HideSolutionNode = FALSE
	EndGlobalSection
	GlobalSection(ExtensibilityGlobals) = postSolution
		SolutionGuid = {03AF6BFA-105D-42F3-BFCC-8D5F449F02A9}
	EndGlobalSection
EndGlobal
